
Microsoft Visual Studio Solution File, Format Version 12.00
# Visual Studio Version 16
VisualStudioVersion = 16.0.31025.218
MinimumVisualStudioVersion = 10.0.40219.1
Project("{FAE04EC0-301F-11D3-BF4B-00C04F79EFBC}") = "TestDotnet6ConsoleApp", "TestDotnet6ConsoleApp\TestDotnet6ConsoleApp.csproj", "{A2FBD981-AC21-4C0F-8082-E55118202865}"
EndProject
Global
	GlobalSection(SolutionConfigurationPlatforms) = preSolution
		Debug|Any CPU = Debug|Any CPU
		Release|Any CPU = Release|Any CPU
	EndGlobalSection
	GlobalSection(ProjectConfigurationPlatforms) = postSolution
		{A2FBD981-AC21-4C0F-8082-E55118202865}.Debug|Any CPU.ActiveCfg = Debug|Any CPU
		{A2FBD981-AC21-4C0F-8082-E55118202865}.Debug|Any CPU.Build.0 = Debug|Any CPU
		{A2FBD981-AC21-4C0F-8082-E55118202865}.Release|Any CPU.ActiveCfg = Release|Any CPU
		{A2FBD981-AC21-4C0F-8082-E55118202865}.Release|Any CPU.Build.0 = Release|Any CPU
	EndGlobalSection
	GlobalSection(SolutionProperties) = preSolution
		HideSolutionNode = FALSE
	EndGlobalSection
	GlobalSection(ExtensibilityGlobals) = postSolution
		SolutionGuid = {584D2B6D-807C-40FE-A6CE-5E4672F615C7}
	EndGlobalSection
EndGlobal
